Microsoft Visual Studio Solution File, Format Version 12.00
# Visual Studio 2012
Project("{2150E333-8FDC-42A3-9474-1A3956D46DE8}") = "_Solution Items", "_Solution Items", "{8D68C2A2-6DB5-482A-87F7-129018604341}"
	ProjectSection(SolutionItems) = preProject
		GlobalAssemblyInfo.cs = GlobalAssemblyInfo.cs
	EndProjectSection
EndProject
Project("{FAE04EC0-301F-11D3-BF4B-00C04F79EFBC}") = "CefGlue", "minuet\CefGlue\CefGlue.csproj", "{703FF300-34B9-48D4-A5D6-E741F48D5F95}"
EndProject
Project("{FAE04EC0-301F-11D3-BF4B-00C04F79EFBC}") = "Paragon.Extensibility", "minuet\Paragon.Extensibility\Paragon.Extensibility.csproj", "{8965D7D9-73F7-48AC-9AE4-6B22743691B5}"
EndProject
Project("{FAE04EC0-301F-11D3-BF4B-00C04F79EFBC}") = "Paragon.Renderer", "minuet\Paragon.Renderer\Paragon.Renderer.csproj", "{283ECE35-C80B-408E-A805-6186B022F5AD}"
EndProject
Project("{FAE04EC0-301F-11D3-BF4B-00C04F79EFBC}") = "Paragon.Runtime", "minuet\Paragon.Runtime\Paragon.Runtime.csproj", "{766A5435-5221-40FF-825E-BE001A7D6662}"
EndProject
Project("{2150E333-8FDC-42A3-9474-1A3956D46DE8}") = "Utilities", "Utilities", "{550C3D46-7A8A-4D5F-B4A0-722F7DC344ED}"
EndProject
Project("{2150E333-8FDC-42A3-9474-1A3956D46DE8}") = "Runtime", "Runtime", "{51D1C6A8-7FE8-4915-8D2D-8B896656CFD4}"
EndProject
Project("{FAE04EC0-301F-11D3-BF4B-00C04F79EFBC}") = "Paragon", "minuet\Paragon\Paragon.csproj", "{C16AFCEC-9634-483A-B13B-27B107BCF753}"
	ProjectSection(ProjectDependencies) = postProject
		{283ECE35-C80B-408E-A805-6186B022F5AD} = {283ECE35-C80B-408E-A805-6186B022F5AD}
		{54332969-B272-49BE-821E-70D673255BCF} = {54332969-B272-49BE-821E-70D673255BCF}
		{620E97D5-89B8-465F-B561-38D540277B59} = {620E97D5-89B8-465F-B561-38D540277B59}
		{76C26EEB-F7B5-4814-94A5-833D14F87157} = {76C26EEB-F7B5-4814-94A5-833D14F87157}
	EndProjectSection
EndProject
Project("{FAE04EC0-301F-11D3-BF4B-00C04F79EFBC}") = "Paragon.AppPackager", "minuet\Paragon.AppPackager\Paragon.AppPackager.csproj", "{CAE31FF3-D2DF-43F8-94AB-A026873C4EE6}"
EndProject
Project("{2150E333-8FDC-42A3-9474-1A3956D46DE8}") = "Plugins", "Plugins", "{B5675075-E20C-444E-9C91-B0BAABBB74E7}"
EndProject
Project("{FAE04EC0-301F-11D3-BF4B-00C04F79EFBC}") = "Paragon.Plugins.ScreenCapture", "minuet\Paragon.Plugins.ScreenCapture\Paragon.Plugins.ScreenCapture.csproj", "{76C26EEB-F7B5-4814-94A5-833D14F87157}"
EndProject
Project("{FAE04EC0-301F-11D3-BF4B-00C04F79EFBC}") = "Paragon.Plugins.Notifications", "minuet\Paragon.Plugins.Notifications\Paragon.Plugins.Notifications.csproj", "{620E97D5-89B8-465F-B561-38D540277B59}"
EndProject
Project("{FAE04EC0-301F-11D3-BF4B-00C04F79EFBC}") = "Paragon.Plugins.MessageBus", "minuet\Paragon.Plugins.MessagBus\Paragon.Plugins.MessageBus.csproj", "{62952D9E-DD26-4F16-B235-392E36F868BC}"
EndProject
Project("{FAE04EC0-301F-11D3-BF4B-00C04F79EFBC}") = "Paragon.Plugins.LocalStorage", "minuet\Paragon.Plugins.LocalStorage\Paragon.Plugins.LocalStorage.csproj", "{54332969-B272-49BE-821E-70D673255BCF}"
EndProject
Global
	GlobalSection(SolutionConfigurationPlatforms) = preSolution
		CSF|x86 = CSF|x86
		Debug|x86 = Debug|x86
		Release|x86 = Release|x86
	EndGlobalSection
	GlobalSection(ProjectConfigurationPlatforms) = postSolution
		{703FF300-34B9-48D4-A5D6-E741F48D5F95}.CSF|x86.ActiveCfg = Release|x86
		{703FF300-34B9-48D4-A5D6-E741F48D5F95}.CSF|x86.Build.0 = Release|x86
		{703FF300-34B9-48D4-A5D6-E741F48D5F95}.Debug|x86.ActiveCfg = Debug|x86
		{703FF300-34B9-48D4-A5D6-E741F48D5F95}.Debug|x86.Build.0 = Debug|x86
		{703FF300-34B9-48D4-A5D6-E741F48D5F95}.Release|x86.ActiveCfg = Release|x86
		{703FF300-34B9-48D4-A5D6-E741F48D5F95}.Release|x86.Build.0 = Release|x86
		{8965D7D9-73F7-48AC-9AE4-6B22743691B5}.CSF|x86.ActiveCfg = Release|x86
		{8965D7D9-73F7-48AC-9AE4-6B22743691B5}.CSF|x86.Build.0 = Release|x86
		{8965D7D9-73F7-48AC-9AE4-6B22743691B5}.Debug|x86.ActiveCfg = Debug|x86
		{8965D7D9-73F7-48AC-9AE4-6B22743691B5}.Debug|x86.Build.0 = Debug|x86
		{8965D7D9-73F7-48AC-9AE4-6B22743691B5}.Release|x86.ActiveCfg = Release|x86
		{8965D7D9-73F7-48AC-9AE4-6B22743691B5}.Release|x86.Build.0 = Release|x86
		{283ECE35-C80B-408E-A805-6186B022F5AD}.CSF|x86.ActiveCfg = Release|x86
		{283ECE35-C80B-408E-A805-6186B022F5AD}.CSF|x86.Build.0 = Release|x86
		{283ECE35-C80B-408E-A805-6186B022F5AD}.Debug|x86.ActiveCfg = Debug|x86
		{283ECE35-C80B-408E-A805-6186B022F5AD}.Debug|x86.Build.0 = Debug|x86
		{283ECE35-C80B-408E-A805-6186B022F5AD}.Release|x86.ActiveCfg = Release|x86
		{283ECE35-C80B-408E-A805-6186B022F5AD}.Release|x86.Build.0 = Release|x86
		{766A5435-5221-40FF-825E-BE001A7D6662}.CSF|x86.ActiveCfg = Release|x86
		{766A5435-5221-40FF-825E-BE001A7D6662}.CSF|x86.Build.0 = Release|x86
		{766A5435-5221-40FF-825E-BE001A7D6662}.Debug|x86.ActiveCfg = Debug|x86
		{766A5435-5221-40FF-825E-BE001A7D6662}.Debug|x86.Build.0 = Debug|x86
		{766A5435-5221-40FF-825E-BE001A7D6662}.Release|x86.ActiveCfg = Release|x86
		{766A5435-5221-40FF-825E-BE001A7D6662}.Release|x86.Build.0 = Release|x86
		{C16AFCEC-9634-483A-B13B-27B107BCF753}.CSF|x86.ActiveCfg = Release|x86
		{C16AFCEC-9634-483A-B13B-27B107BCF753}.CSF|x86.Build.0 = Release|x86
		{C16AFCEC-9634-483A-B13B-27B107BCF753}.Debug|x86.ActiveCfg = Debug|x86
		{C16AFCEC-9634-483A-B13B-27B107BCF753}.Debug|x86.Build.0 = Debug|x86
		{C16AFCEC-9634-483A-B13B-27B107BCF753}.Release|x86.ActiveCfg = Release|x86
		{C16AFCEC-9634-483A-B13B-27B107BCF753}.Release|x86.Build.0 = Release|x86
		{CAE31FF3-D2DF-43F8-94AB-A026873C4EE6}.CSF|x86.ActiveCfg = Release|x86
		{CAE31FF3-D2DF-43F8-94AB-A026873C4EE6}.CSF|x86.Build.0 = Release|x86
		{CAE31FF3-D2DF-43F8-94AB-A026873C4EE6}.Debug|x86.ActiveCfg = Debug|x86
		{CAE31FF3-D2DF-43F8-94AB-A026873C4EE6}.Debug|x86.Build.0 = Debug|x86
		{CAE31FF3-D2DF-43F8-94AB-A026873C4EE6}.Release|x86.ActiveCfg = Release|x86
		{CAE31FF3-D2DF-43F8-94AB-A026873C4EE6}.Release|x86.Build.0 = Release|x86
		{76C26EEB-F7B5-4814-94A5-833D14F87157}.CSF|x86.ActiveCfg = Release|x86
		{76C26EEB-F7B5-4814-94A5-833D14F87157}.CSF|x86.Build.0 = Release|x86
		{76C26EEB-F7B5-4814-94A5-833D14F87157}.Debug|x86.ActiveCfg = Debug|x86
		{76C26EEB-F7B5-4814-94A5-833D14F87157}.Debug|x86.Build.0 = Debug|x86
		{76C26EEB-F7B5-4814-94A5-833D14F87157}.Release|x86.ActiveCfg = Release|x86
		{76C26EEB-F7B5-4814-94A5-833D14F87157}.Release|x86.Build.0 = Release|x86
		{620E97D5-89B8-465F-B561-38D540277B59}.CSF|x86.ActiveCfg = Release|x86
		{620E97D5-89B8-465F-B561-38D540277B59}.CSF|x86.Build.0 = Release|x86
		{620E97D5-89B8-465F-B561-38D540277B59}.Debug|x86.ActiveCfg = Debug|x86
		{620E97D5-89B8-465F-B561-38D540277B59}.Debug|x86.Build.0 = Debug|x86
		{620E97D5-89B8-465F-B561-38D540277B59}.Release|x86.ActiveCfg = Release|x86
		{620E97D5-89B8-465F-B561-38D540277B59}.Release|x86.Build.0 = Release|x86
		{62952D9E-DD26-4F16-B235-392E36F868BC}.CSF|x86.ActiveCfg = Release|x86
		{62952D9E-DD26-4F16-B235-392E36F868BC}.CSF|x86.Build.0 = Release|x86
		{62952D9E-DD26-4F16-B235-392E36F868BC}.Debug|x86.ActiveCfg = Debug|x86
		{62952D9E-DD26-4F16-B235-392E36F868BC}.Debug|x86.Build.0 = Debug|x86
		{62952D9E-DD26-4F16-B235-392E36F868BC}.Release|x86.ActiveCfg = Release|x86
		{62952D9E-DD26-4F16-B235-392E36F868BC}.Release|x86.Build.0 = Release|x86
		{54332969-B272-49BE-821E-70D673255BCF}.CSF|x86.ActiveCfg = Release|x86
		{54332969-B272-49BE-821E-70D673255BCF}.CSF|x86.Build.0 = Release|x86
		{54332969-B272-49BE-821E-70D673255BCF}.Debug|x86.ActiveCfg = Debug|x86
		{54332969-B272-49BE-821E-70D673255BCF}.Debug|x86.Build.0 = Debug|x86
		{54332969-B272-49BE-821E-70D673255BCF}.Release|x86.ActiveCfg = Release|x86
		{54332969-B272-49BE-821E-70D673255BCF}.Release|x86.Build.0 = Release|x86
	EndGlobalSection
	GlobalSection(SolutionProperties) = preSolution
		HideSolutionNode = FALSE
	EndGlobalSection
	GlobalSection(NestedProjects) = preSolution
		{8965D7D9-73F7-48AC-9AE4-6B22743691B5} = {51D1C6A8-7FE8-4915-8D2D-8B896656CFD4}
		{283ECE35-C80B-408E-A805-6186B022F5AD} = {51D1C6A8-7FE8-4915-8D2D-8B896656CFD4}
		{766A5435-5221-40FF-825E-BE001A7D6662} = {51D1C6A8-7FE8-4915-8D2D-8B896656CFD4}
		{703FF300-34B9-48D4-A5D6-E741F48D5F95} = {51D1C6A8-7FE8-4915-8D2D-8B896656CFD4}
		{C16AFCEC-9634-483A-B13B-27B107BCF753} = {51D1C6A8-7FE8-4915-8D2D-8B896656CFD4}
		{CAE31FF3-D2DF-43F8-94AB-A026873C4EE6} = {550C3D46-7A8A-4D5F-B4A0-722F7DC344ED}
		{76C26EEB-F7B5-4814-94A5-833D14F87157} = {B5675075-E20C-444E-9C91-B0BAABBB74E7}
		{620E97D5-89B8-465F-B561-38D540277B59} = {B5675075-E20C-444E-9C91-B0BAABBB74E7}
		{62952D9E-DD26-4F16-B235-392E36F868BC} = {B5675075-E20C-444E-9C91-B0BAABBB74E7}
		{54332969-B272-49BE-821E-70D673255BCF} = {B5675075-E20C-444E-9C91-B0BAABBB74E7}
	EndGlobalSection
EndGlobal
